
Microsoft Visual Studio Solution File, Format Version 12.00
# Visual Studio 14
VisualStudioVersion = 14.0.23107.0
MinimumVisualStudioVersion = 10.0.40219.1
Project("{FAE04EC0-301F-11D3-BF4B-00C04F79EFBC}") = "MemberEventTracker.Admin.WebUI", "MemberEventTracker.Admin.WebUI\MemberEventTracker.Admin.WebUI.csproj", "{73D23544-AD82-4969-99DC-6A34F11BEA4E}"
EndProject
Project("{FAE04EC0-301F-11D3-BF4B-00C04F79EFBC}") = "MemberEventTracker.Domain", "MemberEventTracker.Domain\MemberEventTracker.Domain.csproj", "{2CBEDC4C-7ECB-4CFA-9636-8CF86A88E982}"
EndProject
Project("{FAE04EC0-301F-11D3-BF4B-00C04F79EFBC}") = "MemberEventTracker.Tests", "MemberEventTracker.Tests\MemberEventTracker.Tests.csproj", "{32389262-E25B-459B-91BC-EEB1A35724D5}"
EndProject
Global
	GlobalSection(SolutionConfigurationPlatforms) = preSolution
		Debug|Any CPU = Debug|Any CPU
		Release|Any CPU = Release|Any CPU
	EndGlobalSection
	GlobalSection(ProjectConfigurationPlatforms) = postSolution
		{73D23544-AD82-4969-99DC-6A34F11BEA4E}.Debug|Any CPU.ActiveCfg = Debug|Any CPU
		{73D23544-AD82-4969-99DC-6A34F11BEA4E}.Debug|Any CPU.Build.0 = Debug|Any CPU
		{73D23544-AD82-4969-99DC-6A34F11BEA4E}.Release|Any CPU.ActiveCfg = Release|Any CPU
		{73D23544-AD82-4969-99DC-6A34F11BEA4E}.Release|Any CPU.Build.0 = Release|Any CPU
		{2CBEDC4C-7ECB-4CFA-9636-8CF86A88E982}.Debug|Any CPU.ActiveCfg = Debug|Any CPU
		{2CBEDC4C-7ECB-4CFA-9636-8CF86A88E982}.Debug|Any CPU.Build.0 = Debug|Any CPU
		{2CBEDC4C-7ECB-4CFA-9636-8CF86A88E982}.Release|Any CPU.ActiveCfg = Release|Any CPU
		{2CBEDC4C-7ECB-4CFA-9636-8CF86A88E982}.Release|Any CPU.Build.0 = Release|Any CPU
		{32389262-E25B-459B-91BC-EEB1A35724D5}.Debug|Any CPU.ActiveCfg = Debug|Any CPU
		{32389262-E25B-459B-91BC-EEB1A35724D5}.Debug|Any CPU.Build.0 = Debug|Any CPU
		{32389262-E25B-459B-91BC-EEB1A35724D5}.Release|Any CPU.ActiveCfg = Release|Any CPU
		{32389262-E25B-459B-91BC-EEB1A35724D5}.Release|Any CPU.Build.0 = Release|Any CPU
	EndGlobalSection
	GlobalSection(SolutionProperties) = preSolution
		HideSolutionNode = FALSE
	EndGlobalSection
EndGlobal
